
Microsoft Visual Studio Solution File, Format Version 12.00
# Visual Studio Version 17
VisualStudioVersion = 17.0.32112.339
MinimumVisualStudioVersion = 10.0.40219.1
Project("{2150E333-8FDC-42A3-9474-1A3956D46DE8}") = "Solution Items", "Solution Items", "{0AEE669A-366A-428F-BDEF-A7954132DEBD}"
	ProjectSection(SolutionItems) = preProject
		license.txt = license.txt
		readme.markdown = readme.markdown
	EndProjectSection
EndProject
Project("{FAE04EC0-301F-11D3-BF4B-00C04F79EFBC}") = "TaskDialog", "TaskDialog\TaskDialog.csproj", "{4B4B5C68-8B65-43FF-AD88-3A8B94A55753}"
EndProject
Project("{FAE04EC0-301F-11D3-BF4B-00C04F79EFBC}") = "WPFTest", "WPFTest\WPFTest.csproj", "{FABF9152-B52B-4C43-AAA0-2707162C59BD}"
EndProject
Global
	GlobalSection(SolutionConfigurationPlatforms) = preSolution
		Debug|Any CPU = Debug|Any CPU
		Debug|Mixed Platforms = Debug|Mixed Platforms
		Debug|x86 = Debug|x86
		Release|Any CPU = Release|Any CPU
		Release|Mixed Platforms = Release|Mixed Platforms
		Release|x86 = Release|x86
	EndGlobalSection
	GlobalSection(ProjectConfigurationPlatforms) = postSolution
		{4B4B5C68-8B65-43FF-AD88-3A8B94A55753}.Debug|Any CPU.ActiveCfg = Debug|Any CPU
		{4B4B5C68-8B65-43FF-AD88-3A8B94A55753}.Debug|Any CPU.Build.0 = Debug|Any CPU
		{4B4B5C68-8B65-43FF-AD88-3A8B94A55753}.Debug|Mixed Platforms.ActiveCfg = Debug|Any CPU
		{4B4B5C68-8B65-43FF-AD88-3A8B94A55753}.Debug|Mixed Platforms.Build.0 = Debug|Any CPU
		{4B4B5C68-8B65-43FF-AD88-3A8B94A55753}.Debug|x86.ActiveCfg = Debug|Any CPU
		{4B4B5C68-8B65-43FF-AD88-3A8B94A55753}.Debug|x86.Build.0 = Debug|Any CPU
		{4B4B5C68-8B65-43FF-AD88-3A8B94A55753}.Release|Any CPU.ActiveCfg = Release|Any CPU
		{4B4B5C68-8B65-43FF-AD88-3A8B94A55753}.Release|Any CPU.Build.0 = Release|Any CPU
		{4B4B5C68-8B65-43FF-AD88-3A8B94A55753}.Release|Mixed Platforms.ActiveCfg = Release|Any CPU
		{4B4B5C68-8B65-43FF-AD88-3A8B94A55753}.Release|Mixed Platforms.Build.0 = Release|Any CPU
		{4B4B5C68-8B65-43FF-AD88-3A8B94A55753}.Release|x86.ActiveCfg = Release|Any CPU
		{4B4B5C68-8B65-43FF-AD88-3A8B94A55753}.Release|x86.Build.0 = Release|Any CPU
		{FABF9152-B52B-4C43-AAA0-2707162C59BD}.Debug|Any CPU.ActiveCfg = Debug|Any CPU
		{FABF9152-B52B-4C43-AAA0-2707162C59BD}.Debug|Any CPU.Build.0 = Debug|Any CPU
		{FABF9152-B52B-4C43-AAA0-2707162C59BD}.Debug|Mixed Platforms.ActiveCfg = Debug|Any CPU
		{FABF9152-B52B-4C43-AAA0-2707162C59BD}.Debug|Mixed Platforms.Build.0 = Debug|Any CPU
		{FABF9152-B52B-4C43-AAA0-2707162C59BD}.Debug|x86.ActiveCfg = Debug|Any CPU
		{FABF9152-B52B-4C43-AAA0-2707162C59BD}.Debug|x86.Build.0 = Debug|Any CPU
		{FABF9152-B52B-4C43-AAA0-2707162C59BD}.Release|Any CPU.ActiveCfg = Release|Any CPU
		{FABF9152-B52B-4C43-AAA0-2707162C59BD}.Release|Any CPU.Build.0 = Release|Any CPU
		{FABF9152-B52B-4C43-AAA0-2707162C59BD}.Release|Mixed Platforms.ActiveCfg = Release|Any CPU
		{FABF9152-B52B-4C43-AAA0-2707162C59BD}.Release|Mixed Platforms.Build.0 = Release|Any CPU
		{FABF9152-B52B-4C43-AAA0-2707162C59BD}.Release|x86.ActiveCfg = Release|Any CPU
		{FABF9152-B52B-4C43-AAA0-2707162C59BD}.Release|x86.Build.0 = Release|Any CPU
	EndGlobalSection
	GlobalSection(SolutionProperties) = preSolution
		HideSolutionNode = FALSE
	EndGlobalSection
	GlobalSection(ExtensibilityGlobals) = postSolution
		SolutionGuid = {04C6627E-E31C-4ABE-A14D-A7F5F99544F3}
	EndGlobalSection
EndGlobal
